<?xml version="1.0" encoding="utf-8"?>
<Project ToolsVersion="4.0" xmlns="http://schemas.microsoft.com/developer/msbuild/2003">
  <ItemGroup>
    <Filter Include="00.BootLoader">
      <UniqueIdentifier>{ac563734-fefb-44a2-8d39-a84fcee6f2d4}</UniqueIdentifier>
    </Filter>
    <Filter Include="01.Kernel32">
      <UniqueIdentifier>{fb096493-a2b1-4e66-90db-f555a8db269d}</UniqueIdentifier>
    </Filter>
    <Filter Include="02.Kernel64">
      <UniqueIdentifier>{81a78bf2-3b5a-4a89-a8f3-7d683b4eee90}</UniqueIdentifier>
    </Filter>
    <Filter Include="03.Application">
      <UniqueIdentifier>{8640c137-16d0-485b-bb69-32ba19d33457}</UniqueIdentifier>
    </Filter>
    <Filter Include="04.Utility">
      <UniqueIdentifier>{69396a5e-4d12-452d-b8d0-d98ed81537e6}</UniqueIdentifier>
    </Filter>
    <Filter Include="02.Kernel64\Source">
      <UniqueIdentifier>{d2d67ba6-9984-47aa-842f-ede74525b65b}</UniqueIdentifier>
    </Filter>
    <Filter Include="01.Kernel32\Source">
      <UniqueIdentifier>{aee81489-8f14-40fe-b340-942cd3d9c0dd}</UniqueIdentifier>
    </Filter>
    <Filter Include="04.Utility\00.ImageMaker">
      <UniqueIdentifier>{2261562d-f58a-4735-afc8-febb7e3a5174}</UniqueIdentifier>
    </Filter>
    <Filter Include="04.Utility\01.SerialTransfer">
      <UniqueIdentifier>{cc985066-2eea-4790-ba68-58c186b323ba}</UniqueIdentifier>
    </Filter>
    <Filter Include="03.Application\UserLibrary">
      <UniqueIdentifier>{94dc83a3-72dc-421a-8f53-4b1fd1a64cd5}</UniqueIdentifier>
    </Filter>
    <Filter Include="03.Application\UserLibrary\Source">
      <UniqueIdentifier>{12692f81-74dc-4036-b75f-fd7efa99915d}</UniqueIdentifier>
    </Filter>
    <Filter Include="03.Application\00.HelloWorld">
      <UniqueIdentifier>{2f5076bc-e824-4c7d-9cae-aea1af71ee40}</UniqueIdentifier>
    </Filter>
    <Filter Include="03.Application\00.HelloWorld\Source">
      <UniqueIdentifier>{92a73617-a905-43d4-88de-97fdafb670bb}</UniqueIdentifier>
    </Filter>
    <Filter Include="03.Application\01.TextViewer">
      <UniqueIdentifier>{e26b02f4-a7f1-4c45-bda1-5d87fe953eda}</UniqueIdentifier>
    </Filter>
    <Filter Include="03.Application\01.TextViewer\Source">
      <UniqueIdentifier>{ffe97d33-138d-4c2f-a706-50eebfabf359}</UniqueIdentifier>
    </Filter>
  </ItemGroup>
  <ItemGroup>
    <ClCompile Include="Makefile" />
    <ClCompile Include="00.BootLoader\Makefile">
      <Filter>00.BootLoader</Filter>
    </ClCompile>
    <ClCompile Include="04.Utility\00.ImageMaker\ImageMaker.c">
      <Filter>04.Utility\00.ImageMaker</Filter>
    </ClCompile>
    <ClCompile Include="01.Kernel32\Source\Main.c">
      <Filter>01.Kernel32\Source</Filter>
    </ClCompile>
    <ClCompile Include="01.Kernel32\Source\Page.c">
      <Filter>01.Kernel32\Source</Filter>
    </ClCompile>
    <ClCompile Include="02.Kernel64\Source\Main.c">
      <Filter>02.Kernel64\Source</Filter>
    </ClCompile>
    <ClCompile Include="02.Kernel64\Source\Keyborad.c">
      <Filter>02.Kernel64\Source</Filter>
    </ClCompile>
    <ClCompile Include="02.Kernel64\Source\Descriptor.c">
      <Filter>02.Kernel64\Source</Filter>
    </ClCompile>
    <ClCompile Include="02.Kernel64\Source\Utility.c">
      <Filter>02.Kernel64\Source</Filter>
    </ClCompile>
    <ClCompile Include="02.Kernel64\Source\InterruptHandler.c">
      <Filter>02.Kernel64\Source</Filter>
    </ClCompile>
    <ClCompile Include="02.Kernel64\Source\PIC.c">
      <Filter>02.Kernel64\Source</Filter>
    </ClCompile>
    <ClCompile Include="02.Kernel64\Source\Queue.c">
      <Filter>02.Kernel64\Source</Filter>
    </ClCompile>
    <ClCompile Include="02.Kernel64\Source\Console.c">
      <Filter>02.Kernel64\Source</Filter>
    </ClCompile>
    <ClCompile Include="02.Kernel64\Source\ConsoleShell.c">
      <Filter>02.Kernel64\Source</Filter>
    </ClCompile>
    <ClCompile Include="02.Kernel64\Source\PIT.c">
      <Filter>02.Kernel64\Source</Filter>
    </ClCompile>
    <ClCompile Include="02.Kernel64\Source\RTC.c">
      <Filter>02.Kernel64\Source</Filter>
    </ClCompile>
    <ClCompile Include="02.Kernel64\Source\Task.c">
      <Filter>02.Kernel64\Source</Filter>
    </ClCompile>
    <ClCompile Include="02.Kernel64\Source\List.c">
      <Filter>02.Kernel64\Source</Filter>
    </ClCompile>
    <ClCompile Include="02.Kernel64\Source\Synchronization.c">
      <Filter>02.Kernel64\Source</Filter>
    </ClCompile>
    <ClCompile Include="02.Kernel64\Source\DynamicMemory.c">
      <Filter>02.Kernel64\Source</Filter>
    </ClCompile>
    <ClCompile Include="02.Kernel64\Source\HardDisk.c">
      <Filter>02.Kernel64\Source</Filter>
    </ClCompile>
    <ClCompile Include="02.Kernel64\Source\FileSystem.c">
      <Filter>02.Kernel64\Source</Filter>
    </ClCompile>
    <ClCompile Include="02.Kernel64\Source\CacheManager.c">
      <Filter>02.Kernel64\Source</Filter>
    </ClCompile>
    <ClCompile Include="02.Kernel64\Source\RAMDisk.c">
      <Filter>02.Kernel64\Source</Filter>
    </ClCompile>
    <ClCompile Include="02.Kernel64\Source\SerialPort.c">
      <Filter>02.Kernel64\Source</Filter>
    </ClCompile>
    <ClCompile Include="04.Utility\01.SerialTransfer\NetworkTransfer.c">
      <Filter>04.Utility\01.SerialTransfer</Filter>
    </ClCompile>
    <ClCompile Include="02.Kernel64\Source\MPConfigurationTable.c">
      <Filter>02.Kernel64\Source</Filter>
    </ClCompile>
    <ClCompile Include="02.Kernel64\Source\LocalAPIC.c">
      <Filter>02.Kernel64\Source</Filter>
    </ClCompile>
    <ClCompile Include="02.Kernel64\Source\MultiProcessor.c">
      <Filter>02.Kernel64\Source</Filter>
    </ClCompile>
    <ClCompile Include="02.Kernel64\Source\IOAPIC.c">
      <Filter>02.Kernel64\Source</Filter>
    </ClCompile>
    <ClCompile Include="02.Kernel64\Source\VBE.c">
      <Filter>02.Kernel64\Source</Filter>
    </ClCompile>
    <ClCompile Include="02.Kernel64\Source\2DGraphics.c">
      <Filter>02.Kernel64\Source</Filter>
    </ClCompile>
    <ClCompile Include="02.Kernel64\Source\EnglishFont.c">
      <Filter>02.Kernel64\Source</Filter>
    </ClCompile>
    <ClCompile Include="02.Kernel64\Source\Mouse.c">
      <Filter>02.Kernel64\Source</Filter>
    </ClCompile>
    <ClCompile Include="02.Kernel64\Source\Window.c">
      <Filter>02.Kernel64\Source</Filter>
    </ClCompile>
    <ClCompile Include="02.Kernel64\Source\WindowManagerTask.c">
      <Filter>02.Kernel64\Source</Filter>
    </ClCompile>
    <ClCompile Include="02.Kernel64\Source\GUITask.c">
      <Filter>02.Kernel64\Source</Filter>
    </ClCompile>
    <ClCompile Include="02.Kernel64\Source\ApplicationPanelTask.c">
      <Filter>02.Kernel64\Source</Filter>
    </ClCompile>
    <ClCompile Include="02.Kernel64\Source\JPEG.c">
      <Filter>02.Kernel64\Source</Filter>
    </ClCompile>
    <ClCompile Include="02.Kernel64\Source\WallPaper.c">
      <Filter>02.Kernel64\Source</Filter>
    </ClCompile>
    <ClCompile Include="02.Kernel64\Source\SystemCall.c">
      <Filter>02.Kernel64\Source</Filter>
    </ClCompile>
    <ClCompile Include="03.Application\UserLibrary\Source\SystemCallLibrary.c">
      <Filter>03.Application\UserLibrary\Source</Filter>
    </ClCompile>
    <ClCompile Include="03.Application\UserLibrary\Source\UserLibrary.c">
      <Filter>03.Application\UserLibrary\Source</Filter>
    </ClCompile>
    <ClCompile Include="03.Application\00.HelloWorld\Source\Main.c">
      <Filter>03.Application\00.HelloWorld\Source</Filter>
    </ClCompile>
    <ClCompile Include="02.Kernel64\Source\Loader.c">
      <Filter>02.Kernel64\Source</Filter>
    </ClCompile>
    <ClCompile Include="03.Application\01.TextViewer\Source\Main.c">
      <Filter>03.Application\01.TextViewer\Source</Filter>
    </ClCompile>
  </ItemGroup>
  <ItemGroup>
    <None Include="00.BootLoader\BootLoader.asm">
      <Filter>00.BootLoader</Filter>
    </None>
    <None Include="..\run.bat" />
    <None Include="01.Kernel32\Makefile">
      <Filter>01.Kernel32</Filter>
    </None>
    <None Include="01.Kernel32\Source\EntryPoint.s">
      <Filter>01.Kernel32\Source</Filter>
    </None>
    <None Include="04.Utility\makefile">
      <Filter>04.Utility</Filter>
    </None>
    <None Include="04.Utility\00.ImageMaker\makefile">
      <Filter>04.Utility\00.ImageMaker</Filter>
    </None>
    <None Include="01.Kernel32\Source\ModeSwitch.asm">
      <Filter>01.Kernel32\Source</Filter>
    </None>
    <None Include="02.Kernel64\Source\EntryPoint.s">
      <Filter>02.Kernel64\Source</Filter>
    </None>
    <None Include="02.Kernel64\Makefile">
      <Filter>02.Kernel64</Filter>
    </None>
    <None Include="02.Kernel64\Source\AssemblyUtility.asm">
      <Filter>02.Kernel64\Source</Filter>
    </None>
    <None Include="02.Kernel64\Source\ISR.asm">
      <Filter>02.Kernel64\Source</Filter>
    </None>
    <None Include="04.Utility\01.SerialTransfer\makefile">
      <Filter>04.Utility\01.SerialTransfer</Filter>
    </None>
    <None Include="02.Kernel64\Source\SystemCallEntryPoint.asm">
      <Filter>02.Kernel64\Source</Filter>
    </None>
    <None Include="03.Application\UserLibrary\Source\SystemCall.asm">
      <Filter>03.Application\UserLibrary\Source</Filter>
    </None>
    <None Include="03.Application\UserLibrary\makefile">
      <Filter>03.Application\UserLibrary</Filter>
    </None>
    <None Include="03.Application\makefile">
      <Filter>03.Application</Filter>
    </None>
    <None Include="03.Application\00.HelloWorld\makefile">
      <Filter>03.Application\00.HelloWorld</Filter>
    </None>
    <None Include="03.Application\01.TextViewer\makefile">
      <Filter>03.Application\01.TextViewer</Filter>
    </None>
  </ItemGroup>
  <ItemGroup>
    <ClInclude Include="01.Kernel32\Source\Types.h">
      <Filter>01.Kernel32\Source</Filter>
    </ClInclude>
    <ClInclude Include="01.Kernel32\Source\Page.h">
      <Filter>01.Kernel32\Source</Filter>
    </ClInclude>
    <ClInclude Include="01.Kernel32\Source\ModeSwitch.h">
      <Filter>01.Kernel32\Source</Filter>
    </ClInclude>
    <ClInclude Include="02.Kernel64\Source\Keyboard.h">
      <Filter>02.Kernel64\Source</Filter>
    </ClInclude>
    <ClInclude Include="02.Kernel64\Source\Types.h">
      <Filter>02.Kernel64\Source</Filter>
    </ClInclude>
    <ClInclude Include="02.Kernel64\Source\AssemblyUtility.h">
      <Filter>02.Kernel64\Source</Filter>
    </ClInclude>
    <ClInclude Include="02.Kernel64\Source\Descriptor.h">
      <Filter>02.Kernel64\Source</Filter>
    </ClInclude>
    <ClInclude Include="02.Kernel64\Source\Utility.h">
      <Filter>02.Kernel64\Source</Filter>
    </ClInclude>
    <ClInclude Include="02.Kernel64\Source\PIC.h">
      <Filter>02.Kernel64\Source</Filter>
    </ClInclude>
    <ClInclude Include="02.Kernel64\Source\ISR.h">
      <Filter>02.Kernel64\Source</Filter>
    </ClInclude>
    <ClInclude Include="02.Kernel64\Source\InterruptHandler.h">
      <Filter>02.Kernel64\Source</Filter>
    </ClInclude>
    <ClInclude Include="02.Kernel64\Source\Queue.h">
      <Filter>02.Kernel64\Source</Filter>
    </ClInclude>
    <ClInclude Include="02.Kernel64\Source\Console.h">
      <Filter>02.Kernel64\Source</Filter>
    </ClInclude>
    <ClInclude Include="02.Kernel64\Source\ConsoleShell.h">
      <Filter>02.Kernel64\Source</Filter>
    </ClInclude>
    <ClInclude Include="02.Kernel64\Source\PIT.h">
      <Filter>02.Kernel64\Source</Filter>
    </ClInclude>
    <ClInclude Include="02.Kernel64\Source\RTC.h">
      <Filter>02.Kernel64\Source</Filter>
    </ClInclude>
    <ClInclude Include="02.Kernel64\Source\Task.h">
      <Filter>02.Kernel64\Source</Filter>
    </ClInclude>
    <ClInclude Include="02.Kernel64\Source\List.h">
      <Filter>02.Kernel64\Source</Filter>
    </ClInclude>
    <ClInclude Include="02.Kernel64\Source\Synchronization.h">
      <Filter>02.Kernel64\Source</Filter>
    </ClInclude>
    <ClInclude Include="02.Kernel64\Source\DynamicMemory.h">
      <Filter>02.Kernel64\Source</Filter>
    </ClInclude>
    <ClInclude Include="02.Kernel64\Source\HardDisk.h">
      <Filter>02.Kernel64\Source</Filter>
    </ClInclude>
    <ClInclude Include="02.Kernel64\Source\FileSystem.h">
      <Filter>02.Kernel64\Source</Filter>
    </ClInclude>
    <ClInclude Include="02.Kernel64\Source\CacheManager.h">
      <Filter>02.Kernel64\Source</Filter>
    </ClInclude>
    <ClInclude Include="02.Kernel64\Source\RAMDisk.h">
      <Filter>02.Kernel64\Source</Filter>
    </ClInclude>
    <ClInclude Include="02.Kernel64\Source\SerialPort.h">
      <Filter>02.Kernel64\Source</Filter>
    </ClInclude>
    <ClInclude Include="02.Kernel64\Source\MPConfigurationTable.h">
      <Filter>02.Kernel64\Source</Filter>
    </ClInclude>
    <ClInclude Include="02.Kernel64\Source\LocalAPIC.h">
      <Filter>02.Kernel64\Source</Filter>
    </ClInclude>
    <ClInclude Include="02.Kernel64\Source\MultiProcessor.h">
      <Filter>02.Kernel64\Source</Filter>
    </ClInclude>
    <ClInclude Include="02.Kernel64\Source\IOAPIC.h">
      <Filter>02.Kernel64\Source</Filter>
    </ClInclude>
    <ClInclude Include="02.Kernel64\Source\VBE.h">
      <Filter>02.Kernel64\Source</Filter>
    </ClInclude>
    <ClInclude Include="02.Kernel64\Source\2DGraphics.h">
      <Filter>02.Kernel64\Source</Filter>
    </ClInclude>
    <ClInclude Include="02.Kernel64\Source\Font.h">
      <Filter>02.Kernel64\Source</Filter>
    </ClInclude>
    <ClInclude Include="02.Kernel64\Source\Mouse.h">
      <Filter>02.Kernel64\Source</Filter>
    </ClInclude>
    <ClInclude Include="02.Kernel64\Source\Window.h">
      <Filter>02.Kernel64\Source</Filter>
    </ClInclude>
    <ClInclude Include="02.Kernel64\Source\WindowManagerTask.h">
      <Filter>02.Kernel64\Source</Filter>
    </ClInclude>
    <ClInclude Include="02.Kernel64\Source\GUITask.h">
      <Filter>02.Kernel64\Source</Filter>
    </ClInclude>
    <ClInclude Include="02.Kernel64\Source\ApplicationPanelTask.h">
      <Filter>02.Kernel64\Source</Filter>
    </ClInclude>
    <ClInclude Include="02.Kernel64\Source\JPEG.h">
      <Filter>02.Kernel64\Source</Filter>
    </ClInclude>
    <ClInclude Include="02.Kernel64\Source\SystemCall.h">
      <Filter>02.Kernel64\Source</Filter>
    </ClInclude>
    <ClInclude Include="02.Kernel64\Source\SystemCallList.h">
      <Filter>02.Kernel64\Source</Filter>
    </ClInclude>
    <ClInclude Include="03.Application\UserLibrary\Source\SystemCallLibrary.h">
      <Filter>03.Application\UserLibrary\Source</Filter>
    </ClInclude>
    <ClInclude Include="03.Application\UserLibrary\Source\SystemCallList.h">
      <Filter>03.Application\UserLibrary\Source</Filter>
    </ClInclude>
    <ClInclude Include="03.Application\UserLibrary\Source\Types.h">
      <Filter>03.Application\UserLibrary\Source</Filter>
    </ClInclude>
    <ClInclude Include="03.Application\UserLibrary\Source\UserLibrary.h">
      <Filter>03.Application\UserLibrary\Source</Filter>
    </ClInclude>
    <ClInclude Include="03.Application\UserLibrary\Source\OSLibrary.h">
      <Filter>03.Application\UserLibrary\Source</Filter>
    </ClInclude>
    <ClInclude Include="02.Kernel64\Source\Loader.h">
      <Filter>02.Kernel64\Source</Filter>
    </ClInclude>
    <ClInclude Include="03.Application\01.TextViewer\Source\Main.h">
      <Filter>03.Application\01.TextViewer\Source</Filter>
    </ClInclude>
  </ItemGroup>
</Project>